{
    "version": 3,
    "terraform_version": "0.11.7",
    "serial": 2,
    "lineage": "2fcf06ce-2140-6812-f150-48e1114a40a7",
    "modules": [
        {
            "path": [
                "root"
            ],
            "outputs": {},
            "resources": {
                "aws_instance.lab_node.0": {
                    "type": "aws_instance",
                    "depends_on": [
                        "aws_security_group.lab_sg"
                    ],
                    "primary": {
                        "id": "i-02ba079133616c588",
                        "attributes": {
                            "ami": "ami-a4e4bddb",
                            "associate_public_ip_address": "true",
                            "availability_zone": "us-east-1d",
                            "credit_specification.#": "1",
                            "credit_specification.0.cpu_credits": "standard",
                            "disable_api_termination": "false",
                            "ebs_block_device.#": "0",
                            "ebs_optimized": "false",
                            "ephemeral_block_device.#": "0",
                            "get_password_data": "false",
                            "iam_instance_profile": "",
                            "id": "i-02ba079133616c588",
                            "instance_state": "running",
                            "instance_type": "t2.medium",
                            "ipv6_addresses.#": "0",
                            "key_name": "",
                            "monitoring": "false",
                            "network_interface.#": "0",
                            "network_interface_id": "eni-bdd6a983",
                            "password_data": "",
                            "placement_group": "",
                            "primary_network_interface_id": "eni-bdd6a983",
                            "private_dns": "ip-172-31-26-58.ec2.internal",
                            "private_ip": "172.31.26.58",
                            "public_dns": "ec2-52-90-25-220.compute-1.amazonaws.com",
                            "public_ip": "52.90.25.220",
                            "root_block_device.#": "1",
                            "root_block_device.0.delete_on_termination": "true",
                            "root_block_device.0.iops": "100",
                            "root_block_device.0.volume_id": "vol-0722e4e1bffb7097a",
                            "root_block_device.0.volume_size": "20",
                            "root_block_device.0.volume_type": "gp2",
                            "security_groups.#": "1",
                            "security_groups.1269676212": "lab_sg",
                            "source_dest_check": "true",
                            "subnet_id": "subnet-c0de8e98",
                            "tags.%": "0",
                            "tenancy": "default",
                            "volume_tags.%": "0",
                            "vpc_security_group_ids.#": "1",
                            "vpc_security_group_ids.2427600133": "sg-49d9ab02"
                        },
                        "meta": {
                            "e2bfb730-ecaa-11e6-8f88-34363bc7c4c0": {
                                "create": 600000000000,
                                "delete": 1200000000000,
                                "update": 600000000000
                            },
                            "schema_version": "1"
                        },
                        "tainted": false
                    },
                    "deposed": [],
                    "provider": "provider.aws"
                },
                "aws_instance.lab_node.1": {
                    "type": "aws_instance",
                    "depends_on": [
                        "aws_security_group.lab_sg"
                    ],
                    "primary": {
                        "id": "i-0441e3c6464e9962a",
                        "attributes": {
                            "ami": "ami-a4e4bddb",
                            "associate_public_ip_address": "true",
                            "availability_zone": "us-east-1d",
                            "credit_specification.#": "1",
                            "credit_specification.0.cpu_credits": "standard",
                            "disable_api_termination": "false",
                            "ebs_block_device.#": "0",
                            "ebs_optimized": "false",
                            "ephemeral_block_device.#": "0",
                            "get_password_data": "false",
                            "iam_instance_profile": "",
                            "id": "i-0441e3c6464e9962a",
                            "instance_state": "running",
                            "instance_type": "t2.medium",
                            "ipv6_addresses.#": "0",
                            "key_name": "",
                            "monitoring": "false",
                            "network_interface.#": "0",
                            "network_interface_id": "eni-9ad2ada4",
                            "password_data": "",
                            "placement_group": "",
                            "primary_network_interface_id": "eni-9ad2ada4",
                            "private_dns": "ip-172-31-16-255.ec2.internal",
                            "private_ip": "172.31.16.255",
                            "public_dns": "ec2-34-228-222-135.compute-1.amazonaws.com",
                            "public_ip": "34.228.222.135",
                            "root_block_device.#": "1",
                            "root_block_device.0.delete_on_termination": "true",
                            "root_block_device.0.iops": "100",
                            "root_block_device.0.volume_id": "vol-01fa95e541b5335b4",
                            "root_block_device.0.volume_size": "20",
                            "root_block_device.0.volume_type": "gp2",
                            "security_groups.#": "1",
                            "security_groups.1269676212": "lab_sg",
                            "source_dest_check": "true",
                            "subnet_id": "subnet-c0de8e98",
                            "tags.%": "0",
                            "tenancy": "default",
                            "volume_tags.%": "0",
                            "vpc_security_group_ids.#": "1",
                            "vpc_security_group_ids.2427600133": "sg-49d9ab02"
                        },
                        "meta": {
                            "e2bfb730-ecaa-11e6-8f88-34363bc7c4c0": {
                                "create": 600000000000,
                                "delete": 1200000000000,
                                "update": 600000000000
                            },
                            "schema_version": "1"
                        },
                        "tainted": false
                    },
                    "deposed": [],
                    "provider": "provider.aws"
                },
                "aws_instance.lab_node.10": {
                    "type": "aws_instance",
                    "depends_on": [
                        "aws_security_group.lab_sg"
                    ],
                    "primary": {
                        "id": "i-061bcd5e43f0c075c",
                        "attributes": {
                            "ami": "ami-a4e4bddb",
                            "associate_public_ip_address": "true",
                            "availability_zone": "us-east-1d",
                            "credit_specification.#": "1",
                            "credit_specification.0.cpu_credits": "standard",
                            "disable_api_termination": "false",
                            "ebs_block_device.#": "0",
                            "ebs_optimized": "false",
                            "ephemeral_block_device.#": "0",
                            "get_password_data": "false",
                            "iam_instance_profile": "",
                            "id": "i-061bcd5e43f0c075c",
                            "instance_state": "running",
                            "instance_type": "t2.medium",
                            "ipv6_addresses.#": "0",
                            "key_name": "",
                            "monitoring": "false",
                            "network_interface.#": "0",
                            "network_interface_id": "eni-2b651c15",
                            "password_data": "",
                            "placement_group": "",
                            "primary_network_interface_id": "eni-2b651c15",
                            "private_dns": "ip-172-31-25-8.ec2.internal",
                            "private_ip": "172.31.25.8",
                            "public_dns": "ec2-18-207-232-101.compute-1.amazonaws.com",
                            "public_ip": "18.207.232.101",
                            "root_block_device.#": "1",
                            "root_block_device.0.delete_on_termination": "true",
                            "root_block_device.0.iops": "100",
                            "root_block_device.0.volume_id": "vol-0608312e366dc50d6",
                            "root_block_device.0.volume_size": "20",
                            "root_block_device.0.volume_type": "gp2",
                            "security_groups.#": "1",
                            "security_groups.1269676212": "lab_sg",
                            "source_dest_check": "true",
                            "subnet_id": "subnet-c0de8e98",
                            "tags.%": "0",
                            "tenancy": "default",
                            "volume_tags.%": "0",
                            "vpc_security_group_ids.#": "1",
                            "vpc_security_group_ids.2427600133": "sg-49d9ab02"
                        },
                        "meta": {
                            "e2bfb730-ecaa-11e6-8f88-34363bc7c4c0": {
                                "create": 600000000000,
                                "delete": 1200000000000,
                                "update": 600000000000
                            },
                            "schema_version": "1"
                        },
                        "tainted": false
                    },
                    "deposed": [],
                    "provider": "provider.aws"
                },
                "aws_instance.lab_node.11": {
                    "type": "aws_instance",
                    "depends_on": [
                        "aws_security_group.lab_sg"
                    ],
                    "primary": {
                        "id": "i-0c2a35f6d91d08493",
                        "attributes": {
                            "ami": "ami-a4e4bddb",
                            "associate_public_ip_address": "true",
                            "availability_zone": "us-east-1d",
                            "credit_specification.#": "1",
                            "credit_specification.0.cpu_credits": "standard",
                            "disable_api_termination": "false",
                            "ebs_block_device.#": "0",
                            "ebs_optimized": "false",
                            "ephemeral_block_device.#": "0",
                            "get_password_data": "false",
                            "iam_instance_profile": "",
                            "id": "i-0c2a35f6d91d08493",
                            "instance_state": "running",
                            "instance_type": "t2.medium",
                            "ipv6_addresses.#": "0",
                            "key_name": "",
                            "monitoring": "false",
                            "network_interface.#": "0",
                            "network_interface_id": "eni-17621b29",
                            "password_data": "",
                            "placement_group": "",
                            "primary_network_interface_id": "eni-17621b29",
                            "private_dns": "ip-172-31-23-44.ec2.internal",
                            "private_ip": "172.31.23.44",
                            "public_dns": "ec2-52-55-220-228.compute-1.amazonaws.com",
                            "public_ip": "52.55.220.228",
                            "root_block_device.#": "1",
                            "root_block_device.0.delete_on_termination": "true",
                            "root_block_device.0.iops": "100",
                            "root_block_device.0.volume_id": "vol-0f90cc923b2513642",
                            "root_block_device.0.volume_size": "20",
                            "root_block_device.0.volume_type": "gp2",
                            "security_groups.#": "1",
                            "security_groups.1269676212": "lab_sg",
                            "source_dest_check": "true",
                            "subnet_id": "subnet-c0de8e98",
                            "tags.%": "0",
                            "tenancy": "default",
                            "volume_tags.%": "0",
                            "vpc_security_group_ids.#": "1",
                            "vpc_security_group_ids.2427600133": "sg-49d9ab02"
                        },
                        "meta": {
                            "e2bfb730-ecaa-11e6-8f88-34363bc7c4c0": {
                                "create": 600000000000,
                                "delete": 1200000000000,
                                "update": 600000000000
                            },
                            "schema_version": "1"
                        },
                        "tainted": false
                    },
                    "deposed": [],
                    "provider": "provider.aws"
                },
                "aws_instance.lab_node.12": {
                    "type": "aws_instance",
                    "depends_on": [
                        "aws_security_group.lab_sg"
                    ],
                    "primary": {
                        "id": "i-05ec8e2630853fc5d",
                        "attributes": {
                            "ami": "ami-a4e4bddb",
                            "associate_public_ip_address": "true",
                            "availability_zone": "us-east-1d",
                            "credit_specification.#": "1",
                            "credit_specification.0.cpu_credits": "standard",
                            "disable_api_termination": "false",
                            "ebs_block_device.#": "0",
                            "ebs_optimized": "false",
                            "ephemeral_block_device.#": "0",
                            "get_password_data": "false",
                            "iam_instance_profile": "",
                            "id": "i-05ec8e2630853fc5d",
                            "instance_state": "running",
                            "instance_type": "t2.medium",
                            "ipv6_addresses.#": "0",
                            "key_name": "",
                            "monitoring": "false",
                            "network_interface.#": "0",
                            "network_interface_id": "eni-936019ad",
                            "password_data": "",
                            "placement_group": "",
                            "primary_network_interface_id": "eni-936019ad",
                            "private_dns": "ip-172-31-16-7.ec2.internal",
                            "private_ip": "172.31.16.7",
                            "public_dns": "ec2-107-23-241-238.compute-1.amazonaws.com",
                            "public_ip": "107.23.241.238",
                            "root_block_device.#": "1",
                            "root_block_device.0.delete_on_termination": "true",
                            "root_block_device.0.iops": "100",
                            "root_block_device.0.volume_id": "vol-08331967f91fbd9c7",
                            "root_block_device.0.volume_size": "20",
                            "root_block_device.0.volume_type": "gp2",
                            "security_groups.#": "1",
                            "security_groups.1269676212": "lab_sg",
                            "source_dest_check": "true",
                            "subnet_id": "subnet-c0de8e98",
                            "tags.%": "0",
                            "tenancy": "default",
                            "volume_tags.%": "0",
                            "vpc_security_group_ids.#": "1",
                            "vpc_security_group_ids.2427600133": "sg-49d9ab02"
                        },
                        "meta": {
                            "e2bfb730-ecaa-11e6-8f88-34363bc7c4c0": {
                                "create": 600000000000,
                                "delete": 1200000000000,
                                "update": 600000000000
                            },
                            "schema_version": "1"
                        },
                        "tainted": false
                    },
                    "deposed": [],
                    "provider": "provider.aws"
                },
                "aws_instance.lab_node.13": {
                    "type": "aws_instance",
                    "depends_on": [
                        "aws_security_group.lab_sg"
                    ],
                    "primary": {
                        "id": "i-0c46e1c09c41e2b25",
                        "attributes": {
                            "ami": "ami-a4e4bddb",
                            "associate_public_ip_address": "true",
                            "availability_zone": "us-east-1d",
                            "credit_specification.#": "1",
                            "credit_specification.0.cpu_credits": "standard",
                            "disable_api_termination": "false",
                            "ebs_block_device.#": "0",
                            "ebs_optimized": "false",
                            "ephemeral_block_device.#": "0",
                            "get_password_data": "false",
                            "iam_instance_profile": "",
                            "id": "i-0c46e1c09c41e2b25",
                            "instance_state": "running",
                            "instance_type": "t2.medium",
                            "ipv6_addresses.#": "0",
                            "key_name": "",
                            "monitoring": "false",
                            "network_interface.#": "0",
                            "network_interface_id": "eni-856019bb",
                            "password_data": "",
                            "placement_group": "",
                            "primary_network_interface_id": "eni-856019bb",
                            "private_dns": "ip-172-31-23-50.ec2.internal",
                            "private_ip": "172.31.23.50",
                            "public_dns": "ec2-54-208-1-16.compute-1.amazonaws.com",
                            "public_ip": "54.208.1.16",
                            "root_block_device.#": "1",
                            "root_block_device.0.delete_on_termination": "true",
                            "root_block_device.0.iops": "100",
                            "root_block_device.0.volume_id": "vol-089447907683b31a3",
                            "root_block_device.0.volume_size": "20",
                            "root_block_device.0.volume_type": "gp2",
                            "security_groups.#": "1",
                            "security_groups.1269676212": "lab_sg",
                            "source_dest_check": "true",
                            "subnet_id": "subnet-c0de8e98",
                            "tags.%": "0",
                            "tenancy": "default",
                            "volume_tags.%": "0",
                            "vpc_security_group_ids.#": "1",
                            "vpc_security_group_ids.2427600133": "sg-49d9ab02"
                        },
                        "meta": {
                            "e2bfb730-ecaa-11e6-8f88-34363bc7c4c0": {
                                "create": 600000000000,
                                "delete": 1200000000000,
                                "update": 600000000000
                            },
                            "schema_version": "1"
                        },
                        "tainted": false
                    },
                    "deposed": [],
                    "provider": "provider.aws"
                },
                "aws_instance.lab_node.14": {
                    "type": "aws_instance",
                    "depends_on": [
                        "aws_security_group.lab_sg"
                    ],
                    "primary": {
                        "id": "i-0a1f2f7159ab2a8f9",
                        "attributes": {
                            "ami": "ami-a4e4bddb",
                            "associate_public_ip_address": "true",
                            "availability_zone": "us-east-1d",
                            "credit_specification.#": "1",
                            "credit_specification.0.cpu_credits": "standard",
                            "disable_api_termination": "false",
                            "ebs_block_device.#": "0",
                            "ebs_optimized": "false",
                            "ephemeral_block_device.#": "0",
                            "get_password_data": "false",
                            "iam_instance_profile": "",
                            "id": "i-0a1f2f7159ab2a8f9",
                            "instance_state": "running",
                            "instance_type": "t2.medium",
                            "ipv6_addresses.#": "0",
                            "key_name": "",
                            "monitoring": "false",
                            "network_interface.#": "0",
                            "network_interface_id": "eni-1f631a21",
                            "password_data": "",
                            "placement_group": "",
                            "primary_network_interface_id": "eni-1f631a21",
                            "private_dns": "ip-172-31-17-236.ec2.internal",
                            "private_ip": "172.31.17.236",
                            "public_dns": "ec2-34-229-105-199.compute-1.amazonaws.com",
                            "public_ip": "34.229.105.199",
                            "root_block_device.#": "1",
                            "root_block_device.0.delete_on_termination": "true",
                            "root_block_device.0.iops": "100",
                            "root_block_device.0.volume_id": "vol-0e1d8d80b2d380d7d",
                            "root_block_device.0.volume_size": "20",
                            "root_block_device.0.volume_type": "gp2",
                            "security_groups.#": "1",
                            "security_groups.1269676212": "lab_sg",
                            "source_dest_check": "true",
                            "subnet_id": "subnet-c0de8e98",
                            "tags.%": "0",
                            "tenancy": "default",
                            "volume_tags.%": "0",
                            "vpc_security_group_ids.#": "1",
                            "vpc_security_group_ids.2427600133": "sg-49d9ab02"
                        },
                        "meta": {
                            "e2bfb730-ecaa-11e6-8f88-34363bc7c4c0": {
                                "create": 600000000000,
                                "delete": 1200000000000,
                                "update": 600000000000
                            },
                            "schema_version": "1"
                        },
                        "tainted": false
                    },
                    "deposed": [],
                    "provider": "provider.aws"
                },
                "aws_instance.lab_node.15": {
                    "type": "aws_instance",
                    "depends_on": [
                        "aws_security_group.lab_sg"
                    ],
                    "primary": {
                        "id": "i-060aa54f7d3102eda",
                        "attributes": {
                            "ami": "ami-a4e4bddb",
                            "associate_public_ip_address": "true",
                            "availability_zone": "us-east-1d",
                            "credit_specification.#": "1",
                            "credit_specification.0.cpu_credits": "standard",
                            "disable_api_termination": "false",
                            "ebs_block_device.#": "0",
                            "ebs_optimized": "false",
                            "ephemeral_block_device.#": "0",
                            "get_password_data": "false",
                            "iam_instance_profile": "",
                            "id": "i-060aa54f7d3102eda",
                            "instance_state": "running",
                            "instance_type": "t2.medium",
                            "ipv6_addresses.#": "0",
                            "key_name": "",
                            "monitoring": "false",
                            "network_interface.#": "0",
                            "network_interface_id": "eni-6260195c",
                            "password_data": "",
                            "placement_group": "",
                            "primary_network_interface_id": "eni-6260195c",
                            "private_dns": "ip-172-31-28-11.ec2.internal",
                            "private_ip": "172.31.28.11",
                            "public_dns": "ec2-54-89-233-28.compute-1.amazonaws.com",
                            "public_ip": "54.89.233.28",
                            "root_block_device.#": "1",
                            "root_block_device.0.delete_on_termination": "true",
                            "root_block_device.0.iops": "100",
                            "root_block_device.0.volume_id": "vol-0ceb2bcd587ce064b",
                            "root_block_device.0.volume_size": "20",
                            "root_block_device.0.volume_type": "gp2",
                            "security_groups.#": "1",
                            "security_groups.1269676212": "lab_sg",
                            "source_dest_check": "true",
                            "subnet_id": "subnet-c0de8e98",
                            "tags.%": "0",
                            "tenancy": "default",
                            "volume_tags.%": "0",
                            "vpc_security_group_ids.#": "1",
                            "vpc_security_group_ids.2427600133": "sg-49d9ab02"
                        },
                        "meta": {
                            "e2bfb730-ecaa-11e6-8f88-34363bc7c4c0": {
                                "create": 600000000000,
                                "delete": 1200000000000,
                                "update": 600000000000
                            },
                            "schema_version": "1"
                        },
                        "tainted": false
                    },
                    "deposed": [],
                    "provider": "provider.aws"
                },
                "aws_instance.lab_node.16": {
                    "type": "aws_instance",
                    "depends_on": [
                        "aws_security_group.lab_sg"
                    ],
                    "primary": {
                        "id": "i-0568781d6d8d30963",
                        "attributes": {
                            "ami": "ami-a4e4bddb",
                            "associate_public_ip_address": "true",
                            "availability_zone": "us-east-1d",
                            "credit_specification.#": "1",
                            "credit_specification.0.cpu_credits": "standard",
                            "disable_api_termination": "false",
                            "ebs_block_device.#": "0",
                            "ebs_optimized": "false",
                            "ephemeral_block_device.#": "0",
                            "get_password_data": "false",
                            "iam_instance_profile": "",
                            "id": "i-0568781d6d8d30963",
                            "instance_state": "running",
                            "instance_type": "t2.medium",
                            "ipv6_addresses.#": "0",
                            "key_name": "",
                            "monitoring": "false",
                            "network_interface.#": "0",
                            "network_interface_id": "eni-50651c6e",
                            "password_data": "",
                            "placement_group": "",
                            "primary_network_interface_id": "eni-50651c6e",
                            "private_dns": "ip-172-31-16-241.ec2.internal",
                            "private_ip": "172.31.16.241",
                            "public_dns": "ec2-52-87-200-100.compute-1.amazonaws.com",
                            "public_ip": "52.87.200.100",
                            "root_block_device.#": "1",
                            "root_block_device.0.delete_on_termination": "true",
                            "root_block_device.0.iops": "100",
                            "root_block_device.0.volume_id": "vol-08588ed6ee5d48cd9",
                            "root_block_device.0.volume_size": "20",
                            "root_block_device.0.volume_type": "gp2",
                            "security_groups.#": "1",
                            "security_groups.1269676212": "lab_sg",
                            "source_dest_check": "true",
                            "subnet_id": "subnet-c0de8e98",
                            "tags.%": "0",
                            "tenancy": "default",
                            "volume_tags.%": "0",
                            "vpc_security_group_ids.#": "1",
                            "vpc_security_group_ids.2427600133": "sg-49d9ab02"
                        },
                        "meta": {
                            "e2bfb730-ecaa-11e6-8f88-34363bc7c4c0": {
                                "create": 600000000000,
                                "delete": 1200000000000,
                                "update": 600000000000
                            },
                            "schema_version": "1"
                        },
                        "tainted": false
                    },
                    "deposed": [],
                    "provider": "provider.aws"
                },
                "aws_instance.lab_node.17": {
                    "type": "aws_instance",
                    "depends_on": [
                        "aws_security_group.lab_sg"
                    ],
                    "primary": {
                        "id": "i-0690abee5534e9920",
                        "attributes": {
                            "ami": "ami-a4e4bddb",
                            "associate_public_ip_address": "true",
                            "availability_zone": "us-east-1d",
                            "credit_specification.#": "1",
                            "credit_specification.0.cpu_credits": "standard",
                            "disable_api_termination": "false",
                            "ebs_block_device.#": "0",
                            "ebs_optimized": "false",
                            "ephemeral_block_device.#": "0",
                            "get_password_data": "false",
                            "iam_instance_profile": "",
                            "id": "i-0690abee5534e9920",
                            "instance_state": "running",
                            "instance_type": "t2.medium",
                            "ipv6_addresses.#": "0",
                            "key_name": "",
                            "monitoring": "false",
                            "network_interface.#": "0",
                            "network_interface_id": "eni-55651c6b",
                            "password_data": "",
                            "placement_group": "",
                            "primary_network_interface_id": "eni-55651c6b",
                            "private_dns": "ip-172-31-24-241.ec2.internal",
                            "private_ip": "172.31.24.241",
                            "public_dns": "ec2-54-84-151-25.compute-1.amazonaws.com",
                            "public_ip": "54.84.151.25",
                            "root_block_device.#": "1",
                            "root_block_device.0.delete_on_termination": "true",
                            "root_block_device.0.iops": "100",
                            "root_block_device.0.volume_id": "vol-0d8b808b54671f81e",
                            "root_block_device.0.volume_size": "20",
                            "root_block_device.0.volume_type": "gp2",
                            "security_groups.#": "1",
                            "security_groups.1269676212": "lab_sg",
                            "source_dest_check": "true",
                            "subnet_id": "subnet-c0de8e98",
                            "tags.%": "0",
                            "tenancy": "default",
                            "volume_tags.%": "0",
                            "vpc_security_group_ids.#": "1",
                            "vpc_security_group_ids.2427600133": "sg-49d9ab02"
                        },
                        "meta": {
                            "e2bfb730-ecaa-11e6-8f88-34363bc7c4c0": {
                                "create": 600000000000,
                                "delete": 1200000000000,
                                "update": 600000000000
                            },
                            "schema_version": "1"
                        },
                        "tainted": false
                    },
                    "deposed": [],
                    "provider": "provider.aws"
                },
                "aws_instance.lab_node.18": {
                    "type": "aws_instance",
                    "depends_on": [
                        "aws_security_group.lab_sg"
                    ],
                    "primary": {
                        "id": "i-06f4da20544a3258b",
                        "attributes": {
                            "ami": "ami-a4e4bddb",
                            "associate_public_ip_address": "true",
                            "availability_zone": "us-east-1d",
                            "credit_specification.#": "1",
                            "credit_specification.0.cpu_credits": "standard",
                            "disable_api_termination": "false",
                            "ebs_block_device.#": "0",
                            "ebs_optimized": "false",
                            "ephemeral_block_device.#": "0",
                            "get_password_data": "false",
                            "iam_instance_profile": "",
                            "id": "i-06f4da20544a3258b",
                            "instance_state": "running",
                            "instance_type": "t2.medium",
                            "ipv6_addresses.#": "0",
                            "key_name": "",
                            "monitoring": "false",
                            "network_interface.#": "0",
                            "network_interface_id": "eni-42651c7c",
                            "password_data": "",
                            "placement_group": "",
                            "primary_network_interface_id": "eni-42651c7c",
                            "private_dns": "ip-172-31-28-98.ec2.internal",
                            "private_ip": "172.31.28.98",
                            "public_dns": "ec2-54-84-245-138.compute-1.amazonaws.com",
                            "public_ip": "54.84.245.138",
                            "root_block_device.#": "1",
                            "root_block_device.0.delete_on_termination": "true",
                            "root_block_device.0.iops": "100",
                            "root_block_device.0.volume_id": "vol-03d796d791560d545",
                            "root_block_device.0.volume_size": "20",
                            "root_block_device.0.volume_type": "gp2",
                            "security_groups.#": "1",
                            "security_groups.1269676212": "lab_sg",
                            "source_dest_check": "true",
                            "subnet_id": "subnet-c0de8e98",
                            "tags.%": "0",
                            "tenancy": "default",
                            "volume_tags.%": "0",
                            "vpc_security_group_ids.#": "1",
                            "vpc_security_group_ids.2427600133": "sg-49d9ab02"
                        },
                        "meta": {
                            "e2bfb730-ecaa-11e6-8f88-34363bc7c4c0": {
                                "create": 600000000000,
                                "delete": 1200000000000,
                                "update": 600000000000
                            },
                            "schema_version": "1"
                        },
                        "tainted": false
                    },
                    "deposed": [],
                    "provider": "provider.aws"
                },
                "aws_instance.lab_node.19": {
                    "type": "aws_instance",
                    "depends_on": [
                        "aws_security_group.lab_sg"
                    ],
                    "primary": {
                        "id": "i-08122321e7a723218",
                        "attributes": {
                            "ami": "ami-a4e4bddb",
                            "associate_public_ip_address": "true",
                            "availability_zone": "us-east-1d",
                            "credit_specification.#": "1",
                            "credit_specification.0.cpu_credits": "standard",
                            "disable_api_termination": "false",
                            "ebs_block_device.#": "0",
                            "ebs_optimized": "false",
                            "ephemeral_block_device.#": "0",
                            "get_password_data": "false",
                            "iam_instance_profile": "",
                            "id": "i-08122321e7a723218",
                            "instance_state": "running",
                            "instance_type": "t2.medium",
                            "ipv6_addresses.#": "0",
                            "key_name": "",
                            "monitoring": "false",
                            "network_interface.#": "0",
                            "network_interface_id": "eni-bf631a81",
                            "password_data": "",
                            "placement_group": "",
                            "primary_network_interface_id": "eni-bf631a81",
                            "private_dns": "ip-172-31-24-166.ec2.internal",
                            "private_ip": "172.31.24.166",
                            "public_dns": "ec2-54-205-5-236.compute-1.amazonaws.com",
                            "public_ip": "54.205.5.236",
                            "root_block_device.#": "1",
                            "root_block_device.0.delete_on_termination": "true",
                            "root_block_device.0.iops": "100",
                            "root_block_device.0.volume_id": "vol-0ef825f7d3cf86863",
                            "root_block_device.0.volume_size": "20",
                            "root_block_device.0.volume_type": "gp2",
                            "security_groups.#": "1",
                            "security_groups.1269676212": "lab_sg",
                            "source_dest_check": "true",
                            "subnet_id": "subnet-c0de8e98",
                            "tags.%": "0",
                            "tenancy": "default",
                            "volume_tags.%": "0",
                            "vpc_security_group_ids.#": "1",
                            "vpc_security_group_ids.2427600133": "sg-49d9ab02"
                        },
                        "meta": {
                            "e2bfb730-ecaa-11e6-8f88-34363bc7c4c0": {
                                "create": 600000000000,
                                "delete": 1200000000000,
                                "update": 600000000000
                            },
                            "schema_version": "1"
                        },
                        "tainted": false
                    },
                    "deposed": [],
                    "provider": "provider.aws"
                },
                "aws_instance.lab_node.2": {
                    "type": "aws_instance",
                    "depends_on": [
                        "aws_security_group.lab_sg"
                    ],
                    "primary": {
                        "id": "i-013e632301c8d733c",
                        "attributes": {
                            "ami": "ami-a4e4bddb",
                            "associate_public_ip_address": "true",
                            "availability_zone": "us-east-1d",
                            "credit_specification.#": "1",
                            "credit_specification.0.cpu_credits": "standard",
                            "disable_api_termination": "false",
                            "ebs_block_device.#": "0",
                            "ebs_optimized": "false",
                            "ephemeral_block_device.#": "0",
                            "get_password_data": "false",
                            "iam_instance_profile": "",
                            "id": "i-013e632301c8d733c",
                            "instance_state": "running",
                            "instance_type": "t2.medium",
                            "ipv6_addresses.#": "0",
                            "key_name": "",
                            "monitoring": "false",
                            "network_interface.#": "0",
                            "network_interface_id": "eni-0ed3ac30",
                            "password_data": "",
                            "placement_group": "",
                            "primary_network_interface_id": "eni-0ed3ac30",
                            "private_dns": "ip-172-31-23-193.ec2.internal",
                            "private_ip": "172.31.23.193",
                            "public_dns": "ec2-18-206-189-143.compute-1.amazonaws.com",
                            "public_ip": "18.206.189.143",
                            "root_block_device.#": "1",
                            "root_block_device.0.delete_on_termination": "true",
                            "root_block_device.0.iops": "100",
                            "root_block_device.0.volume_id": "vol-074af1d1553b14663",
                            "root_block_device.0.volume_size": "20",
                            "root_block_device.0.volume_type": "gp2",
                            "security_groups.#": "1",
                            "security_groups.1269676212": "lab_sg",
                            "source_dest_check": "true",
                            "subnet_id": "subnet-c0de8e98",
                            "tags.%": "0",
                            "tenancy": "default",
                            "volume_tags.%": "0",
                            "vpc_security_group_ids.#": "1",
                            "vpc_security_group_ids.2427600133": "sg-49d9ab02"
                        },
                        "meta": {
                            "e2bfb730-ecaa-11e6-8f88-34363bc7c4c0": {
                                "create": 600000000000,
                                "delete": 1200000000000,
                                "update": 600000000000
                            },
                            "schema_version": "1"
                        },
                        "tainted": false
                    },
                    "deposed": [],
                    "provider": "provider.aws"
                },
                "aws_instance.lab_node.20": {
                    "type": "aws_instance",
                    "depends_on": [
                        "aws_security_group.lab_sg"
                    ],
                    "primary": {
                        "id": "i-069381b0ca426ec83",
                        "attributes": {
                            "ami": "ami-a4e4bddb",
                            "associate_public_ip_address": "true",
                            "availability_zone": "us-east-1d",
                            "credit_specification.#": "1",
                            "credit_specification.0.cpu_credits": "standard",
                            "disable_api_termination": "false",
                            "ebs_block_device.#": "0",
                            "ebs_optimized": "false",
                            "ephemeral_block_device.#": "0",
                            "get_password_data": "false",
                            "iam_instance_profile": "",
                            "id": "i-069381b0ca426ec83",
                            "instance_state": "running",
                            "instance_type": "t2.medium",
                            "ipv6_addresses.#": "0",
                            "key_name": "",
                            "monitoring": "false",
                            "network_interface.#": "0",
                            "network_interface_id": "eni-d4631aea",
                            "password_data": "",
                            "placement_group": "",
                            "primary_network_interface_id": "eni-d4631aea",
                            "private_dns": "ip-172-31-19-123.ec2.internal",
                            "private_ip": "172.31.19.123",
                            "public_dns": "ec2-35-168-16-95.compute-1.amazonaws.com",
                            "public_ip": "35.168.16.95",
                            "root_block_device.#": "1",
                            "root_block_device.0.delete_on_termination": "true",
                            "root_block_device.0.iops": "100",
                            "root_block_device.0.volume_id": "vol-0e467436ffa921887",
                            "root_block_device.0.volume_size": "20",
                            "root_block_device.0.volume_type": "gp2",
                            "security_groups.#": "1",
                            "security_groups.1269676212": "lab_sg",
                            "source_dest_check": "true",
                            "subnet_id": "subnet-c0de8e98",
                            "tags.%": "0",
                            "tenancy": "default",
                            "volume_tags.%": "0",
                            "vpc_security_group_ids.#": "1",
                            "vpc_security_group_ids.2427600133": "sg-49d9ab02"
                        },
                        "meta": {
                            "e2bfb730-ecaa-11e6-8f88-34363bc7c4c0": {
                                "create": 600000000000,
                                "delete": 1200000000000,
                                "update": 600000000000
                            },
                            "schema_version": "1"
                        },
                        "tainted": false
                    },
                    "deposed": [],
                    "provider": "provider.aws"
                },
                "aws_instance.lab_node.21": {
                    "type": "aws_instance",
                    "depends_on": [
                        "aws_security_group.lab_sg"
                    ],
                    "primary": {
                        "id": "i-02cc1e44eb598b585",
                        "attributes": {
                            "ami": "ami-a4e4bddb",
                            "associate_public_ip_address": "true",
                            "availability_zone": "us-east-1d",
                            "credit_specification.#": "1",
                            "credit_specification.0.cpu_credits": "standard",
                            "disable_api_termination": "false",
                            "ebs_block_device.#": "0",
                            "ebs_optimized": "false",
                            "ephemeral_block_device.#": "0",
                            "get_password_data": "false",
                            "iam_instance_profile": "",
                            "id": "i-02cc1e44eb598b585",
                            "instance_state": "running",
                            "instance_type": "t2.medium",
                            "ipv6_addresses.#": "0",
                            "key_name": "",
                            "monitoring": "false",
                            "network_interface.#": "0",
                            "network_interface_id": "eni-ab631a95",
                            "password_data": "",
                            "placement_group": "",
                            "primary_network_interface_id": "eni-ab631a95",
                            "private_dns": "ip-172-31-22-107.ec2.internal",
                            "private_ip": "172.31.22.107",
                            "public_dns": "ec2-52-86-146-187.compute-1.amazonaws.com",
                            "public_ip": "52.86.146.187",
                            "root_block_device.#": "1",
                            "root_block_device.0.delete_on_termination": "true",
                            "root_block_device.0.iops": "100",
                            "root_block_device.0.volume_id": "vol-0e26ec66f6a9afbdc",
                            "root_block_device.0.volume_size": "20",
                            "root_block_device.0.volume_type": "gp2",
                            "security_groups.#": "1",
                            "security_groups.1269676212": "lab_sg",
                            "source_dest_check": "true",
                            "subnet_id": "subnet-c0de8e98",
                            "tags.%": "0",
                            "tenancy": "default",
                            "volume_tags.%": "0",
                            "vpc_security_group_ids.#": "1",
                            "vpc_security_group_ids.2427600133": "sg-49d9ab02"
                        },
                        "meta": {
                            "e2bfb730-ecaa-11e6-8f88-34363bc7c4c0": {
                                "create": 600000000000,
                                "delete": 1200000000000,
                                "update": 600000000000
                            },
                            "schema_version": "1"
                        },
                        "tainted": false
                    },
                    "deposed": [],
                    "provider": "provider.aws"
                },
                "aws_instance.lab_node.22": {
                    "type": "aws_instance",
                    "depends_on": [
                        "aws_security_group.lab_sg"
                    ],
                    "primary": {
                        "id": "i-0798713dbced89ea1",
                        "attributes": {
                            "ami": "ami-a4e4bddb",
                            "associate_public_ip_address": "true",
                            "availability_zone": "us-east-1d",
                            "credit_specification.#": "1",
                            "credit_specification.0.cpu_credits": "standard",
                            "disable_api_termination": "false",
                            "ebs_block_device.#": "0",
                            "ebs_optimized": "false",
                            "ephemeral_block_device.#": "0",
                            "get_password_data": "false",
                            "iam_instance_profile": "",
                            "id": "i-0798713dbced89ea1",
                            "instance_state": "running",
                            "instance_type": "t2.medium",
                            "ipv6_addresses.#": "0",
                            "key_name": "",
                            "monitoring": "false",
                            "network_interface.#": "0",
                            "network_interface_id": "eni-bb641d85",
                            "password_data": "",
                            "placement_group": "",
                            "primary_network_interface_id": "eni-bb641d85",
                            "private_dns": "ip-172-31-20-123.ec2.internal",
                            "private_ip": "172.31.20.123",
                            "public_dns": "ec2-35-173-253-204.compute-1.amazonaws.com",
                            "public_ip": "35.173.253.204",
                            "root_block_device.#": "1",
                            "root_block_device.0.delete_on_termination": "true",
                            "root_block_device.0.iops": "100",
                            "root_block_device.0.volume_id": "vol-09d281ed0c318a48b",
                            "root_block_device.0.volume_size": "20",
                            "root_block_device.0.volume_type": "gp2",
                            "security_groups.#": "1",
                            "security_groups.1269676212": "lab_sg",
                            "source_dest_check": "true",
                            "subnet_id": "subnet-c0de8e98",
                            "tags.%": "0",
                            "tenancy": "default",
                            "volume_tags.%": "0",
                            "vpc_security_group_ids.#": "1",
                            "vpc_security_group_ids.2427600133": "sg-49d9ab02"
                        },
                        "meta": {
                            "e2bfb730-ecaa-11e6-8f88-34363bc7c4c0": {
                                "create": 600000000000,
                                "delete": 1200000000000,
                                "update": 600000000000
                            },
                            "schema_version": "1"
                        },
                        "tainted": false
                    },
                    "deposed": [],
                    "provider": "provider.aws"
                },
                "aws_instance.lab_node.23": {
                    "type": "aws_instance",
                    "depends_on": [
                        "aws_security_group.lab_sg"
                    ],
                    "primary": {
                        "id": "i-09e5489f0aa75f992",
                        "attributes": {
                            "ami": "ami-a4e4bddb",
                            "associate_public_ip_address": "true",
                            "availability_zone": "us-east-1d",
                            "credit_specification.#": "1",
                            "credit_specification.0.cpu_credits": "standard",
                            "disable_api_termination": "false",
                            "ebs_block_device.#": "0",
                            "ebs_optimized": "false",
                            "ephemeral_block_device.#": "0",
                            "get_password_data": "false",
                            "iam_instance_profile": "",
                            "id": "i-09e5489f0aa75f992",
                            "instance_state": "running",
                            "instance_type": "t2.medium",
                            "ipv6_addresses.#": "0",
                            "key_name": "",
                            "monitoring": "false",
                            "network_interface.#": "0",
                            "network_interface_id": "eni-d06118ee",
                            "password_data": "",
                            "placement_group": "",
                            "primary_network_interface_id": "eni-d06118ee",
                            "private_dns": "ip-172-31-16-65.ec2.internal",
                            "private_ip": "172.31.16.65",
                            "public_dns": "ec2-54-147-97-153.compute-1.amazonaws.com",
                            "public_ip": "54.147.97.153",
                            "root_block_device.#": "1",
                            "root_block_device.0.delete_on_termination": "true",
                            "root_block_device.0.iops": "100",
                            "root_block_device.0.volume_id": "vol-0ac818cec59148faa",
                            "root_block_device.0.volume_size": "20",
                            "root_block_device.0.volume_type": "gp2",
                            "security_groups.#": "1",
                            "security_groups.1269676212": "lab_sg",
                            "source_dest_check": "true",
                            "subnet_id": "subnet-c0de8e98",
                            "tags.%": "0",
                            "tenancy": "default",
                            "volume_tags.%": "0",
                            "vpc_security_group_ids.#": "1",
                            "vpc_security_group_ids.2427600133": "sg-49d9ab02"
                        },
                        "meta": {
                            "e2bfb730-ecaa-11e6-8f88-34363bc7c4c0": {
                                "create": 600000000000,
                                "delete": 1200000000000,
                                "update": 600000000000
                            },
                            "schema_version": "1"
                        },
                        "tainted": false
                    },
                    "deposed": [],
                    "provider": "provider.aws"
                },
                "aws_instance.lab_node.24": {
                    "type": "aws_instance",
                    "depends_on": [
                        "aws_security_group.lab_sg"
                    ],
                    "primary": {
                        "id": "i-0ee760b494970c3ee",
                        "attributes": {
                            "ami": "ami-a4e4bddb",
                            "associate_public_ip_address": "true",
                            "availability_zone": "us-east-1d",
                            "credit_specification.#": "1",
                            "credit_specification.0.cpu_credits": "standard",
                            "disable_api_termination": "false",
                            "ebs_block_device.#": "0",
                            "ebs_optimized": "false",
                            "ephemeral_block_device.#": "0",
                            "get_password_data": "false",
                            "iam_instance_profile": "",
                            "id": "i-0ee760b494970c3ee",
                            "instance_state": "running",
                            "instance_type": "t2.medium",
                            "ipv6_addresses.#": "0",
                            "key_name": "",
                            "monitoring": "false",
                            "network_interface.#": "0",
                            "network_interface_id": "eni-ba641d84",
                            "password_data": "",
                            "placement_group": "",
                            "primary_network_interface_id": "eni-ba641d84",
                            "private_dns": "ip-172-31-16-101.ec2.internal",
                            "private_ip": "172.31.16.101",
                            "public_dns": "ec2-54-164-180-158.compute-1.amazonaws.com",
                            "public_ip": "54.164.180.158",
                            "root_block_device.#": "1",
                            "root_block_device.0.delete_on_termination": "true",
                            "root_block_device.0.iops": "100",
                            "root_block_device.0.volume_id": "vol-042f013c58c828b12",
                            "root_block_device.0.volume_size": "20",
                            "root_block_device.0.volume_type": "gp2",
                            "security_groups.#": "1",
                            "security_groups.1269676212": "lab_sg",
                            "source_dest_check": "true",
                            "subnet_id": "subnet-c0de8e98",
                            "tags.%": "0",
                            "tenancy": "default",
                            "volume_tags.%": "0",
                            "vpc_security_group_ids.#": "1",
                            "vpc_security_group_ids.2427600133": "sg-49d9ab02"
                        },
                        "meta": {
                            "e2bfb730-ecaa-11e6-8f88-34363bc7c4c0": {
                                "create": 600000000000,
                                "delete": 1200000000000,
                                "update": 600000000000
                            },
                            "schema_version": "1"
                        },
                        "tainted": false
                    },
                    "deposed": [],
                    "provider": "provider.aws"
                },
                "aws_instance.lab_node.25": {
                    "type": "aws_instance",
                    "depends_on": [
                        "aws_security_group.lab_sg"
                    ],
                    "primary": {
                        "id": "i-099791a5bd5b33b7d",
                        "attributes": {
                            "ami": "ami-a4e4bddb",
                            "associate_public_ip_address": "true",
                            "availability_zone": "us-east-1d",
                            "credit_specification.#": "1",
                            "credit_specification.0.cpu_credits": "standard",
                            "disable_api_termination": "false",
                            "ebs_block_device.#": "0",
                            "ebs_optimized": "false",
                            "ephemeral_block_device.#": "0",
                            "get_password_data": "false",
                            "iam_instance_profile": "",
                            "id": "i-099791a5bd5b33b7d",
                            "instance_state": "running",
                            "instance_type": "t2.medium",
                            "ipv6_addresses.#": "0",
                            "key_name": "",
                            "monitoring": "false",
                            "network_interface.#": "0",
                            "network_interface_id": "eni-14621b2a",
                            "password_data": "",
                            "placement_group": "",
                            "primary_network_interface_id": "eni-14621b2a",
                            "private_dns": "ip-172-31-30-109.ec2.internal",
                            "private_ip": "172.31.30.109",
                            "public_dns": "ec2-54-197-210-217.compute-1.amazonaws.com",
                            "public_ip": "54.197.210.217",
                            "root_block_device.#": "1",
                            "root_block_device.0.delete_on_termination": "true",
                            "root_block_device.0.iops": "100",
                            "root_block_device.0.volume_id": "vol-05c7c11d828bfe3ee",
                            "root_block_device.0.volume_size": "20",
                            "root_block_device.0.volume_type": "gp2",
                            "security_groups.#": "1",
                            "security_groups.1269676212": "lab_sg",
                            "source_dest_check": "true",
                            "subnet_id": "subnet-c0de8e98",
                            "tags.%": "0",
                            "tenancy": "default",
                            "volume_tags.%": "0",
                            "vpc_security_group_ids.#": "1",
                            "vpc_security_group_ids.2427600133": "sg-49d9ab02"
                        },
                        "meta": {
                            "e2bfb730-ecaa-11e6-8f88-34363bc7c4c0": {
                                "create": 600000000000,
                                "delete": 1200000000000,
                                "update": 600000000000
                            },
                            "schema_version": "1"
                        },
                        "tainted": false
                    },
                    "deposed": [],
                    "provider": "provider.aws"
                },
                "aws_instance.lab_node.26": {
                    "type": "aws_instance",
                    "depends_on": [
                        "aws_security_group.lab_sg"
                    ],
                    "primary": {
                        "id": "i-0f56506afee152921",
                        "attributes": {
                            "ami": "ami-a4e4bddb",
                            "associate_public_ip_address": "true",
                            "availability_zone": "us-east-1d",
                            "credit_specification.#": "1",
                            "credit_specification.0.cpu_credits": "standard",
                            "disable_api_termination": "false",
                            "ebs_block_device.#": "0",
                            "ebs_optimized": "false",
                            "ephemeral_block_device.#": "0",
                            "get_password_data": "false",
                            "iam_instance_profile": "",
                            "id": "i-0f56506afee152921",
                            "instance_state": "running",
                            "instance_type": "t2.medium",
                            "ipv6_addresses.#": "0",
                            "key_name": "",
                            "monitoring": "false",
                            "network_interface.#": "0",
                            "network_interface_id": "eni-c2641dfc",
                            "password_data": "",
                            "placement_group": "",
                            "primary_network_interface_id": "eni-c2641dfc",
                            "private_dns": "ip-172-31-20-131.ec2.internal",
                            "private_ip": "172.31.20.131",
                            "public_dns": "ec2-34-235-133-144.compute-1.amazonaws.com",
                            "public_ip": "34.235.133.144",
                            "root_block_device.#": "1",
                            "root_block_device.0.delete_on_termination": "true",
                            "root_block_device.0.iops": "100",
                            "root_block_device.0.volume_id": "vol-0566940ccae8fd4ee",
                            "root_block_device.0.volume_size": "20",
                            "root_block_device.0.volume_type": "gp2",
                            "security_groups.#": "1",
                            "security_groups.1269676212": "lab_sg",
                            "source_dest_check": "true",
                            "subnet_id": "subnet-c0de8e98",
                            "tags.%": "0",
                            "tenancy": "default",
                            "volume_tags.%": "0",
                            "vpc_security_group_ids.#": "1",
                            "vpc_security_group_ids.2427600133": "sg-49d9ab02"
                        },
                        "meta": {
                            "e2bfb730-ecaa-11e6-8f88-34363bc7c4c0": {
                                "create": 600000000000,
                                "delete": 1200000000000,
                                "update": 600000000000
                            },
                            "schema_version": "1"
                        },
                        "tainted": false
                    },
                    "deposed": [],
                    "provider": "provider.aws"
                },
                "aws_instance.lab_node.27": {
                    "type": "aws_instance",
                    "depends_on": [
                        "aws_security_group.lab_sg"
                    ],
                    "primary": {
                        "id": "i-0ad5cff7ad9dc89eb",
                        "attributes": {
                            "ami": "ami-a4e4bddb",
                            "associate_public_ip_address": "true",
                            "availability_zone": "us-east-1d",
                            "credit_specification.#": "1",
                            "credit_specification.0.cpu_credits": "standard",
                            "disable_api_termination": "false",
                            "ebs_block_device.#": "0",
                            "ebs_optimized": "false",
                            "ephemeral_block_device.#": "0",
                            "get_password_data": "false",
                            "iam_instance_profile": "",
                            "id": "i-0ad5cff7ad9dc89eb",
                            "instance_state": "running",
                            "instance_type": "t2.medium",
                            "ipv6_addresses.#": "0",
                            "key_name": "",
                            "monitoring": "false",
                            "network_interface.#": "0",
                            "network_interface_id": "eni-be631a80",
                            "password_data": "",
                            "placement_group": "",
                            "primary_network_interface_id": "eni-be631a80",
                            "private_dns": "ip-172-31-26-16.ec2.internal",
                            "private_ip": "172.31.26.16",
                            "public_dns": "ec2-54-173-190-99.compute-1.amazonaws.com",
                            "public_ip": "54.173.190.99",
                            "root_block_device.#": "1",
                            "root_block_device.0.delete_on_termination": "true",
                            "root_block_device.0.iops": "100",
                            "root_block_device.0.volume_id": "vol-00b34304982443f24",
                            "root_block_device.0.volume_size": "20",
                            "root_block_device.0.volume_type": "gp2",
                            "security_groups.#": "1",
                            "security_groups.1269676212": "lab_sg",
                            "source_dest_check": "true",
                            "subnet_id": "subnet-c0de8e98",
                            "tags.%": "0",
                            "tenancy": "default",
                            "volume_tags.%": "0",
                            "vpc_security_group_ids.#": "1",
                            "vpc_security_group_ids.2427600133": "sg-49d9ab02"
                        },
                        "meta": {
                            "e2bfb730-ecaa-11e6-8f88-34363bc7c4c0": {
                                "create": 600000000000,
                                "delete": 1200000000000,
                                "update": 600000000000
                            },
                            "schema_version": "1"
                        },
                        "tainted": false
                    },
                    "deposed": [],
                    "provider": "provider.aws"
                },
                "aws_instance.lab_node.28": {
                    "type": "aws_instance",
                    "depends_on": [
                        "aws_security_group.lab_sg"
                    ],
                    "primary": {
                        "id": "i-0f6a91059ec60df76",
                        "attributes": {
                            "ami": "ami-a4e4bddb",
                            "associate_public_ip_address": "true",
                            "availability_zone": "us-east-1d",
                            "credit_specification.#": "1",
                            "credit_specification.0.cpu_credits": "standard",
                            "disable_api_termination": "false",
                            "ebs_block_device.#": "0",
                            "ebs_optimized": "false",
                            "ephemeral_block_device.#": "0",
                            "get_password_data": "false",
                            "iam_instance_profile": "",
                            "id": "i-0f6a91059ec60df76",
                            "instance_state": "running",
                            "instance_type": "t2.medium",
                            "ipv6_addresses.#": "0",
                            "key_name": "",
                            "monitoring": "false",
                            "network_interface.#": "0",
                            "network_interface_id": "eni-926019ac",
                            "password_data": "",
                            "placement_group": "",
                            "primary_network_interface_id": "eni-926019ac",
                            "private_dns": "ip-172-31-22-59.ec2.internal",
                            "private_ip": "172.31.22.59",
                            "public_dns": "ec2-52-87-194-24.compute-1.amazonaws.com",
                            "public_ip": "52.87.194.24",
                            "root_block_device.#": "1",
                            "root_block_device.0.delete_on_termination": "true",
                            "root_block_device.0.iops": "100",
                            "root_block_device.0.volume_id": "vol-080de6cd26eabec65",
                            "root_block_device.0.volume_size": "20",
                            "root_block_device.0.volume_type": "gp2",
                            "security_groups.#": "1",
                            "security_groups.1269676212": "lab_sg",
                            "source_dest_check": "true",
                            "subnet_id": "subnet-c0de8e98",
                            "tags.%": "0",
                            "tenancy": "default",
                            "volume_tags.%": "0",
                            "vpc_security_group_ids.#": "1",
                            "vpc_security_group_ids.2427600133": "sg-49d9ab02"
                        },
                        "meta": {
                            "e2bfb730-ecaa-11e6-8f88-34363bc7c4c0": {
                                "create": 600000000000,
                                "delete": 1200000000000,
                                "update": 600000000000
                            },
                            "schema_version": "1"
                        },
                        "tainted": false
                    },
                    "deposed": [],
                    "provider": "provider.aws"
                },
                "aws_instance.lab_node.29": {
                    "type": "aws_instance",
                    "depends_on": [
                        "aws_security_group.lab_sg"
                    ],
                    "primary": {
                        "id": "i-08aae6be206afb8c5",
                        "attributes": {
                            "ami": "ami-a4e4bddb",
                            "associate_public_ip_address": "true",
                            "availability_zone": "us-east-1d",
                            "credit_specification.#": "1",
                            "credit_specification.0.cpu_credits": "standard",
                            "disable_api_termination": "false",
                            "ebs_block_device.#": "0",
                            "ebs_optimized": "false",
                            "ephemeral_block_device.#": "0",
                            "get_password_data": "false",
                            "iam_instance_profile": "",
                            "id": "i-08aae6be206afb8c5",
                            "instance_state": "running",
                            "instance_type": "t2.medium",
                            "ipv6_addresses.#": "0",
                            "key_name": "",
                            "monitoring": "false",
                            "network_interface.#": "0",
                            "network_interface_id": "eni-74671e4a",
                            "password_data": "",
                            "placement_group": "",
                            "primary_network_interface_id": "eni-74671e4a",
                            "private_dns": "ip-172-31-19-220.ec2.internal",
                            "private_ip": "172.31.19.220",
                            "public_dns": "ec2-52-55-41-2.compute-1.amazonaws.com",
                            "public_ip": "52.55.41.2",
                            "root_block_device.#": "1",
                            "root_block_device.0.delete_on_termination": "true",
                            "root_block_device.0.iops": "100",
                            "root_block_device.0.volume_id": "vol-06bb8e8bc50935082",
                            "root_block_device.0.volume_size": "20",
                            "root_block_device.0.volume_type": "gp2",
                            "security_groups.#": "1",
                            "security_groups.1269676212": "lab_sg",
                            "source_dest_check": "true",
                            "subnet_id": "subnet-c0de8e98",
                            "tags.%": "0",
                            "tenancy": "default",
                            "volume_tags.%": "0",
                            "vpc_security_group_ids.#": "1",
                            "vpc_security_group_ids.2427600133": "sg-49d9ab02"
                        },
                        "meta": {
                            "e2bfb730-ecaa-11e6-8f88-34363bc7c4c0": {
                                "create": 600000000000,
                                "delete": 1200000000000,
                                "update": 600000000000
                            },
                            "schema_version": "1"
                        },
                        "tainted": false
                    },
                    "deposed": [],
                    "provider": "provider.aws"
                },
                "aws_instance.lab_node.3": {
                    "type": "aws_instance",
                    "depends_on": [
                        "aws_security_group.lab_sg"
                    ],
                    "primary": {
                        "id": "i-050de01b17768cd2c",
                        "attributes": {
                            "ami": "ami-a4e4bddb",
                            "associate_public_ip_address": "true",
                            "availability_zone": "us-east-1d",
                            "credit_specification.#": "1",
                            "credit_specification.0.cpu_credits": "standard",
                            "disable_api_termination": "false",
                            "ebs_block_device.#": "0",
                            "ebs_optimized": "false",
                            "ephemeral_block_device.#": "0",
                            "get_password_data": "false",
                            "iam_instance_profile": "",
                            "id": "i-050de01b17768cd2c",
                            "instance_state": "running",
                            "instance_type": "t2.medium",
                            "ipv6_addresses.#": "0",
                            "key_name": "",
                            "monitoring": "false",
                            "network_interface.#": "0",
                            "network_interface_id": "eni-22631a1c",
                            "password_data": "",
                            "placement_group": "",
                            "primary_network_interface_id": "eni-22631a1c",
                            "private_dns": "ip-172-31-31-245.ec2.internal",
                            "private_ip": "172.31.31.245",
                            "public_dns": "ec2-34-229-212-252.compute-1.amazonaws.com",
                            "public_ip": "34.229.212.252",
                            "root_block_device.#": "1",
                            "root_block_device.0.delete_on_termination": "true",
                            "root_block_device.0.iops": "100",
                            "root_block_device.0.volume_id": "vol-0dc533f0662f34207",
                            "root_block_device.0.volume_size": "20",
                            "root_block_device.0.volume_type": "gp2",
                            "security_groups.#": "1",
                            "security_groups.1269676212": "lab_sg",
                            "source_dest_check": "true",
                            "subnet_id": "subnet-c0de8e98",
                            "tags.%": "0",
                            "tenancy": "default",
                            "volume_tags.%": "0",
                            "vpc_security_group_ids.#": "1",
                            "vpc_security_group_ids.2427600133": "sg-49d9ab02"
                        },
                        "meta": {
                            "e2bfb730-ecaa-11e6-8f88-34363bc7c4c0": {
                                "create": 600000000000,
                                "delete": 1200000000000,
                                "update": 600000000000
                            },
                            "schema_version": "1"
                        },
                        "tainted": false
                    },
                    "deposed": [],
                    "provider": "provider.aws"
                },
                "aws_instance.lab_node.4": {
                    "type": "aws_instance",
                    "depends_on": [
                        "aws_security_group.lab_sg"
                    ],
                    "primary": {
                        "id": "i-059a1268ee3a282f5",
                        "attributes": {
                            "ami": "ami-a4e4bddb",
                            "associate_public_ip_address": "true",
                            "availability_zone": "us-east-1d",
                            "credit_specification.#": "1",
                            "credit_specification.0.cpu_credits": "standard",
                            "disable_api_termination": "false",
                            "ebs_block_device.#": "0",
                            "ebs_optimized": "false",
                            "ephemeral_block_device.#": "0",
                            "get_password_data": "false",
                            "iam_instance_profile": "",
                            "id": "i-059a1268ee3a282f5",
                            "instance_state": "running",
                            "instance_type": "t2.medium",
                            "ipv6_addresses.#": "0",
                            "key_name": "",
                            "monitoring": "false",
                            "network_interface.#": "0",
                            "network_interface_id": "eni-05621b3b",
                            "password_data": "",
                            "placement_group": "",
                            "primary_network_interface_id": "eni-05621b3b",
                            "private_dns": "ip-172-31-24-250.ec2.internal",
                            "private_ip": "172.31.24.250",
                            "public_dns": "ec2-52-207-100-16.compute-1.amazonaws.com",
                            "public_ip": "52.207.100.16",
                            "root_block_device.#": "1",
                            "root_block_device.0.delete_on_termination": "true",
                            "root_block_device.0.iops": "100",
                            "root_block_device.0.volume_id": "vol-032a5f8f8cc1826fa",
                            "root_block_device.0.volume_size": "20",
                            "root_block_device.0.volume_type": "gp2",
                            "security_groups.#": "1",
                            "security_groups.1269676212": "lab_sg",
                            "source_dest_check": "true",
                            "subnet_id": "subnet-c0de8e98",
                            "tags.%": "0",
                            "tenancy": "default",
                            "volume_tags.%": "0",
                            "vpc_security_group_ids.#": "1",
                            "vpc_security_group_ids.2427600133": "sg-49d9ab02"
                        },
                        "meta": {
                            "e2bfb730-ecaa-11e6-8f88-34363bc7c4c0": {
                                "create": 600000000000,
                                "delete": 1200000000000,
                                "update": 600000000000
                            },
                            "schema_version": "1"
                        },
                        "tainted": false
                    },
                    "deposed": [],
                    "provider": "provider.aws"
                },
                "aws_instance.lab_node.5": {
                    "type": "aws_instance",
                    "depends_on": [
                        "aws_security_group.lab_sg"
                    ],
                    "primary": {
                        "id": "i-0337c139aeaabade4",
                        "attributes": {
                            "ami": "ami-a4e4bddb",
                            "associate_public_ip_address": "true",
                            "availability_zone": "us-east-1d",
                            "credit_specification.#": "1",
                            "credit_specification.0.cpu_credits": "standard",
                            "disable_api_termination": "false",
                            "ebs_block_device.#": "0",
                            "ebs_optimized": "false",
                            "ephemeral_block_device.#": "0",
                            "get_password_data": "false",
                            "iam_instance_profile": "",
                            "id": "i-0337c139aeaabade4",
                            "instance_state": "running",
                            "instance_type": "t2.medium",
                            "ipv6_addresses.#": "0",
                            "key_name": "",
                            "monitoring": "false",
                            "network_interface.#": "0",
                            "network_interface_id": "eni-17631a29",
                            "password_data": "",
                            "placement_group": "",
                            "primary_network_interface_id": "eni-17631a29",
                            "private_dns": "ip-172-31-18-186.ec2.internal",
                            "private_ip": "172.31.18.186",
                            "public_dns": "ec2-52-90-209-17.compute-1.amazonaws.com",
                            "public_ip": "52.90.209.17",
                            "root_block_device.#": "1",
                            "root_block_device.0.delete_on_termination": "true",
                            "root_block_device.0.iops": "100",
                            "root_block_device.0.volume_id": "vol-0a56a913170307030",
                            "root_block_device.0.volume_size": "20",
                            "root_block_device.0.volume_type": "gp2",
                            "security_groups.#": "1",
                            "security_groups.1269676212": "lab_sg",
                            "source_dest_check": "true",
                            "subnet_id": "subnet-c0de8e98",
                            "tags.%": "0",
                            "tenancy": "default",
                            "volume_tags.%": "0",
                            "vpc_security_group_ids.#": "1",
                            "vpc_security_group_ids.2427600133": "sg-49d9ab02"
                        },
                        "meta": {
                            "e2bfb730-ecaa-11e6-8f88-34363bc7c4c0": {
                                "create": 600000000000,
                                "delete": 1200000000000,
                                "update": 600000000000
                            },
                            "schema_version": "1"
                        },
                        "tainted": false
                    },
                    "deposed": [],
                    "provider": "provider.aws"
                },
                "aws_instance.lab_node.6": {
                    "type": "aws_instance",
                    "depends_on": [
                        "aws_security_group.lab_sg"
                    ],
                    "primary": {
                        "id": "i-04cc1db9ba1c3f6ce",
                        "attributes": {
                            "ami": "ami-a4e4bddb",
                            "associate_public_ip_address": "true",
                            "availability_zone": "us-east-1d",
                            "credit_specification.#": "1",
                            "credit_specification.0.cpu_credits": "standard",
                            "disable_api_termination": "false",
                            "ebs_block_device.#": "0",
                            "ebs_optimized": "false",
                            "ephemeral_block_device.#": "0",
                            "get_password_data": "false",
                            "iam_instance_profile": "",
                            "id": "i-04cc1db9ba1c3f6ce",
                            "instance_state": "running",
                            "instance_type": "t2.medium",
                            "ipv6_addresses.#": "0",
                            "key_name": "",
                            "monitoring": "false",
                            "network_interface.#": "0",
                            "network_interface_id": "eni-7a601944",
                            "password_data": "",
                            "placement_group": "",
                            "primary_network_interface_id": "eni-7a601944",
                            "private_dns": "ip-172-31-25-189.ec2.internal",
                            "private_ip": "172.31.25.189",
                            "public_dns": "ec2-54-226-237-120.compute-1.amazonaws.com",
                            "public_ip": "54.226.237.120",
                            "root_block_device.#": "1",
                            "root_block_device.0.delete_on_termination": "true",
                            "root_block_device.0.iops": "100",
                            "root_block_device.0.volume_id": "vol-0c9b3d975b6d9deee",
                            "root_block_device.0.volume_size": "20",
                            "root_block_device.0.volume_type": "gp2",
                            "security_groups.#": "1",
                            "security_groups.1269676212": "lab_sg",
                            "source_dest_check": "true",
                            "subnet_id": "subnet-c0de8e98",
                            "tags.%": "0",
                            "tenancy": "default",
                            "volume_tags.%": "0",
                            "vpc_security_group_ids.#": "1",
                            "vpc_security_group_ids.2427600133": "sg-49d9ab02"
                        },
                        "meta": {
                            "e2bfb730-ecaa-11e6-8f88-34363bc7c4c0": {
                                "create": 600000000000,
                                "delete": 1200000000000,
                                "update": 600000000000
                            },
                            "schema_version": "1"
                        },
                        "tainted": false
                    },
                    "deposed": [],
                    "provider": "provider.aws"
                },
                "aws_instance.lab_node.7": {
                    "type": "aws_instance",
                    "depends_on": [
                        "aws_security_group.lab_sg"
                    ],
                    "primary": {
                        "id": "i-081d0b1f02f228178",
                        "attributes": {
                            "ami": "ami-a4e4bddb",
                            "associate_public_ip_address": "true",
                            "availability_zone": "us-east-1d",
                            "credit_specification.#": "1",
                            "credit_specification.0.cpu_credits": "standard",
                            "disable_api_termination": "false",
                            "ebs_block_device.#": "0",
                            "ebs_optimized": "false",
                            "ephemeral_block_device.#": "0",
                            "get_password_data": "false",
                            "iam_instance_profile": "",
                            "id": "i-081d0b1f02f228178",
                            "instance_state": "running",
                            "instance_type": "t2.medium",
                            "ipv6_addresses.#": "0",
                            "key_name": "",
                            "monitoring": "false",
                            "network_interface.#": "0",
                            "network_interface_id": "eni-fb651cc5",
                            "password_data": "",
                            "placement_group": "",
                            "primary_network_interface_id": "eni-fb651cc5",
                            "private_dns": "ip-172-31-28-142.ec2.internal",
                            "private_ip": "172.31.28.142",
                            "public_dns": "ec2-34-229-246-226.compute-1.amazonaws.com",
                            "public_ip": "34.229.246.226",
                            "root_block_device.#": "1",
                            "root_block_device.0.delete_on_termination": "true",
                            "root_block_device.0.iops": "100",
                            "root_block_device.0.volume_id": "vol-0817150a26ab4b733",
                            "root_block_device.0.volume_size": "20",
                            "root_block_device.0.volume_type": "gp2",
                            "security_groups.#": "1",
                            "security_groups.1269676212": "lab_sg",
                            "source_dest_check": "true",
                            "subnet_id": "subnet-c0de8e98",
                            "tags.%": "0",
                            "tenancy": "default",
                            "volume_tags.%": "0",
                            "vpc_security_group_ids.#": "1",
                            "vpc_security_group_ids.2427600133": "sg-49d9ab02"
                        },
                        "meta": {
                            "e2bfb730-ecaa-11e6-8f88-34363bc7c4c0": {
                                "create": 600000000000,
                                "delete": 1200000000000,
                                "update": 600000000000
                            },
                            "schema_version": "1"
                        },
                        "tainted": false
                    },
                    "deposed": [],
                    "provider": "provider.aws"
                },
                "aws_instance.lab_node.8": {
                    "type": "aws_instance",
                    "depends_on": [
                        "aws_security_group.lab_sg"
                    ],
                    "primary": {
                        "id": "i-07e2467016fbb5447",
                        "attributes": {
                            "ami": "ami-a4e4bddb",
                            "associate_public_ip_address": "true",
                            "availability_zone": "us-east-1d",
                            "credit_specification.#": "1",
                            "credit_specification.0.cpu_credits": "standard",
                            "disable_api_termination": "false",
                            "ebs_block_device.#": "0",
                            "ebs_optimized": "false",
                            "ephemeral_block_device.#": "0",
                            "get_password_data": "false",
                            "iam_instance_profile": "",
                            "id": "i-07e2467016fbb5447",
                            "instance_state": "running",
                            "instance_type": "t2.medium",
                            "ipv6_addresses.#": "0",
                            "key_name": "",
                            "monitoring": "false",
                            "network_interface.#": "0",
                            "network_interface_id": "eni-53651c6d",
                            "password_data": "",
                            "placement_group": "",
                            "primary_network_interface_id": "eni-53651c6d",
                            "private_dns": "ip-172-31-17-202.ec2.internal",
                            "private_ip": "172.31.17.202",
                            "public_dns": "ec2-35-153-179-253.compute-1.amazonaws.com",
                            "public_ip": "35.153.179.253",
                            "root_block_device.#": "1",
                            "root_block_device.0.delete_on_termination": "true",
                            "root_block_device.0.iops": "100",
                            "root_block_device.0.volume_id": "vol-0f1f382704973bbd5",
                            "root_block_device.0.volume_size": "20",
                            "root_block_device.0.volume_type": "gp2",
                            "security_groups.#": "1",
                            "security_groups.1269676212": "lab_sg",
                            "source_dest_check": "true",
                            "subnet_id": "subnet-c0de8e98",
                            "tags.%": "0",
                            "tenancy": "default",
                            "volume_tags.%": "0",
                            "vpc_security_group_ids.#": "1",
                            "vpc_security_group_ids.2427600133": "sg-49d9ab02"
                        },
                        "meta": {
                            "e2bfb730-ecaa-11e6-8f88-34363bc7c4c0": {
                                "create": 600000000000,
                                "delete": 1200000000000,
                                "update": 600000000000
                            },
                            "schema_version": "1"
                        },
                        "tainted": false
                    },
                    "deposed": [],
                    "provider": "provider.aws"
                },
                "aws_instance.lab_node.9": {
                    "type": "aws_instance",
                    "depends_on": [
                        "aws_security_group.lab_sg"
                    ],
                    "primary": {
                        "id": "i-0879fac9f2bd8e46b",
                        "attributes": {
                            "ami": "ami-a4e4bddb",
                            "associate_public_ip_address": "true",
                            "availability_zone": "us-east-1d",
                            "credit_specification.#": "1",
                            "credit_specification.0.cpu_credits": "standard",
                            "disable_api_termination": "false",
                            "ebs_block_device.#": "0",
                            "ebs_optimized": "false",
                            "ephemeral_block_device.#": "0",
                            "get_password_data": "false",
                            "iam_instance_profile": "",
                            "id": "i-0879fac9f2bd8e46b",
                            "instance_state": "running",
                            "instance_type": "t2.medium",
                            "ipv6_addresses.#": "0",
                            "key_name": "",
                            "monitoring": "false",
                            "network_interface.#": "0",
                            "network_interface_id": "eni-18641d26",
                            "password_data": "",
                            "placement_group": "",
                            "primary_network_interface_id": "eni-18641d26",
                            "private_dns": "ip-172-31-24-238.ec2.internal",
                            "private_ip": "172.31.24.238",
                            "public_dns": "ec2-107-23-233-53.compute-1.amazonaws.com",
                            "public_ip": "107.23.233.53",
                            "root_block_device.#": "1",
                            "root_block_device.0.delete_on_termination": "true",
                            "root_block_device.0.iops": "100",
                            "root_block_device.0.volume_id": "vol-0a949027eec6ae091",
                            "root_block_device.0.volume_size": "20",
                            "root_block_device.0.volume_type": "gp2",
                            "security_groups.#": "1",
                            "security_groups.1269676212": "lab_sg",
                            "source_dest_check": "true",
                            "subnet_id": "subnet-c0de8e98",
                            "tags.%": "0",
                            "tenancy": "default",
                            "volume_tags.%": "0",
                            "vpc_security_group_ids.#": "1",
                            "vpc_security_group_ids.2427600133": "sg-49d9ab02"
                        },
                        "meta": {
                            "e2bfb730-ecaa-11e6-8f88-34363bc7c4c0": {
                                "create": 600000000000,
                                "delete": 1200000000000,
                                "update": 600000000000
                            },
                            "schema_version": "1"
                        },
                        "tainted": false
                    },
                    "deposed": [],
                    "provider": "provider.aws"
                },
                "aws_security_group.lab_sg": {
                    "type": "aws_security_group",
                    "depends_on": [],
                    "primary": {
                        "id": "sg-49d9ab02",
                        "attributes": {
                            "arn": "arn:aws:ec2:us-east-1:406254139753:security-group/sg-49d9ab02",
                            "description": "Managed by Terraform",
                            "egress.#": "2",
                            "egress.2214680975.cidr_blocks.#": "1",
                            "egress.2214680975.cidr_blocks.0": "0.0.0.0/0",
                            "egress.2214680975.description": "",
                            "egress.2214680975.from_port": "80",
                            "egress.2214680975.ipv6_cidr_blocks.#": "0",
                            "egress.2214680975.prefix_list_ids.#": "0",
                            "egress.2214680975.protocol": "tcp",
                            "egress.2214680975.security_groups.#": "0",
                            "egress.2214680975.self": "false",
                            "egress.2214680975.to_port": "80",
                            "egress.2617001939.cidr_blocks.#": "1",
                            "egress.2617001939.cidr_blocks.0": "0.0.0.0/0",
                            "egress.2617001939.description": "",
                            "egress.2617001939.from_port": "443",
                            "egress.2617001939.ipv6_cidr_blocks.#": "0",
                            "egress.2617001939.prefix_list_ids.#": "0",
                            "egress.2617001939.protocol": "tcp",
                            "egress.2617001939.security_groups.#": "0",
                            "egress.2617001939.self": "false",
                            "egress.2617001939.to_port": "443",
                            "id": "sg-49d9ab02",
                            "ingress.#": "3",
                            "ingress.2214680975.cidr_blocks.#": "1",
                            "ingress.2214680975.cidr_blocks.0": "0.0.0.0/0",
                            "ingress.2214680975.description": "",
                            "ingress.2214680975.from_port": "80",
                            "ingress.2214680975.ipv6_cidr_blocks.#": "0",
                            "ingress.2214680975.protocol": "tcp",
                            "ingress.2214680975.security_groups.#": "0",
                            "ingress.2214680975.self": "false",
                            "ingress.2214680975.to_port": "80",
                            "ingress.2541437006.cidr_blocks.#": "1",
                            "ingress.2541437006.cidr_blocks.0": "0.0.0.0/0",
                            "ingress.2541437006.description": "",
                            "ingress.2541437006.from_port": "22",
                            "ingress.2541437006.ipv6_cidr_blocks.#": "0",
                            "ingress.2541437006.protocol": "tcp",
                            "ingress.2541437006.security_groups.#": "0",
                            "ingress.2541437006.self": "false",
                            "ingress.2541437006.to_port": "22",
                            "ingress.2617001939.cidr_blocks.#": "1",
                            "ingress.2617001939.cidr_blocks.0": "0.0.0.0/0",
                            "ingress.2617001939.description": "",
                            "ingress.2617001939.from_port": "443",
                            "ingress.2617001939.ipv6_cidr_blocks.#": "0",
                            "ingress.2617001939.protocol": "tcp",
                            "ingress.2617001939.security_groups.#": "0",
                            "ingress.2617001939.self": "false",
                            "ingress.2617001939.to_port": "443",
                            "name": "lab_sg",
                            "owner_id": "406254139753",
                            "revoke_rules_on_delete": "false",
                            "tags.%": "0",
                            "vpc_id": "vpc-dc3890bb"
                        },
                        "meta": {
                            "e2bfb730-ecaa-11e6-8f88-34363bc7c4c0": {
                                "create": 600000000000,
                                "delete": 600000000000
                            },
                            "schema_version": "1"
                        },
                        "tainted": false
                    },
                    "deposed": [],
                    "provider": "provider.aws"
                }
            },
            "depends_on": []
        }
    ]
}
